
Microsoft Visual Studio Solution File, Format Version 12.00
# Visual Studio Version 16
VisualStudioVersion = 16.0.29728.190
MinimumVisualStudioVersion = 10.0.40219.1
Project("{FAE04EC0-301F-11D3-BF4B-00C04F79EFBC}") = "Struktura", "Struktura\Struktura.csproj", "{7EC0AC3F-2D48-424C-BDC4-77239D98E4EF}"
EndProject
Global
	GlobalSection(SolutionConfigurationPlatforms) = preSolution
		Debug|Any CPU = Debug|Any CPU
		Release|Any CPU = Release|Any CPU
	EndGlobalSection
	GlobalSection(ProjectConfigurationPlatforms) = postSolution
		{7EC0AC3F-2D48-424C-BDC4-77239D98E4EF}.Debug|Any CPU.ActiveCfg = Debug|Any CPU
		{7EC0AC3F-2D48-424C-BDC4-77239D98E4EF}.Debug|Any CPU.Build.0 = Debug|Any CPU
		{7EC0AC3F-2D48-424C-BDC4-77239D98E4EF}.Release|Any CPU.ActiveCfg = Release|Any CPU
		{7EC0AC3F-2D48-424C-BDC4-77239D98E4EF}.Release|Any CPU.Build.0 = Release|Any CPU
	EndGlobalSection
	GlobalSection(SolutionProperties) = preSolution
		HideSolutionNode = FALSE
	EndGlobalSection
	GlobalSection(ExtensibilityGlobals) = postSolution
		SolutionGuid = {E0DD931F-ABFA-4AF4-ABE0-989C0EEE0051}
	EndGlobalSection
EndGlobal
